
Microsoft Visual Studio Solution File, Format Version 12.00
# Visual Studio 2013
VisualStudioVersion = 12.0.40629.0
MinimumVisualStudioVersion = 10.0.40219.1
Project("{8BC9CEB8-8B4A-11D0-8D11-00A0C91BC942}") = "Windows 10 color control", "Windows 10 color control.vcxproj", "{061B222E-C4C7-4D0C-BA86-C5AE0DB151F1}"
EndProject
Global
	GlobalSection(SolutionConfigurationPlatforms) = preSolution
		Debug|Win32 = Debug|Win32
		Release|Win32 = Release|Win32
	EndGlobalSection
	GlobalSection(ProjectConfigurationPlatforms) = postSolution
		{061B222E-C4C7-4D0C-BA86-C5AE0DB151F1}.Debug|Win32.ActiveCfg = Debug|Win32
		{061B222E-C4C7-4D0C-BA86-C5AE0DB151F1}.Debug|Win32.Build.0 = Debug|Win32
		{061B222E-C4C7-4D0C-BA86-C5AE0DB151F1}.Release|Win32.ActiveCfg = Release|Win32
		{061B222E-C4C7-4D0C-BA86-C5AE0DB151F1}.Release|Win32.Build.0 = Release|Win32
	EndGlobalSection
	GlobalSection(SolutionProperties) = preSolution
		HideSolutionNode = FALSE
	EndGlobalSection
EndGlobal
